# THIS IS AN AUTOGENERATED FILE. DO NOT EDIT THIS FILE DIRECTLY.
# yarn lockfile v1


core-js@^2.6.5:
  version "2.6.11"
  resolved "https://registry.yarnpkg.com/core-js/-/core-js-2.6.11.tgz#38831469f9922bded8ee21c9dc46985e0399308c"
  integrity sha512-5wjnpaT/3dV+XB4borEsnAYQchn00XSgTAWKDkEqv+K8KevjbzmofK6hfJ9TZIlpj2N0xQpazy7PiRQiWHqzWg==

vue-textarea-autosize@^1.1.1:
  version "1.1.1"
  resolved "https://registry.yarnpkg.com/vue-textarea-autosize/-/vue-textarea-autosize-1.1.1.tgz#fcf1e1523c4eaebfdfeaaa5f5c5aeb92ca7c80f2"
  integrity sha512-B33Mg5ZDEfj/whhoPBLg25qqAdGHGM2NjDT99Qi5MXRyeLmXb4C3s6EprAHqy3nU0cooWXFU+IekI5DpoEbnFg==
  dependencies:
    core-js "^2.6.5"
